// !$*UTF8*$!
{
	archiveVersion = 1;
	classes = {
	};
	objectVersion = 50;
	objects = {

/* Begin PBXBuildFile section */
		3F7AF7FB2911B410005955CB /* AppDelegate.swift in Sources */ = {isa = PBXBuildFile; fileRef = 3F7AF7FA2911B410005955CB /* AppDelegate.swift */; };
		3F7AF7FD2911B410005955CB /* SceneDelegate.swift in Sources */ = {isa = PBXBuildFile; fileRef = 3F7AF7FC2911B410005955CB /* SceneDelegate.swift */; };
		3F7AF7FF2911B410005955CB /* ViewController.swift in Sources */ = {isa = PBXBuildFile; fileRef = 3F7AF7FE2911B410005955CB /* ViewController.swift */; };
		3F7AF8022911B410005955CB /* Main.storyboard in Resources */ = {isa = PBXBuildFile; fileRef = 3F7AF8002911B410005955CB /* Main.storyboard */; };
		3F7AF8042911B413005955CB /* Assets.xcassets in Resources */ = {isa = PBXBuildFile; fileRef = 3F7AF8032911B413005955CB /* Assets.xcassets */; };
		3F7AF8072911B413005955CB /* LaunchScreen.storyboard in Resources */ = {isa = PBXBuildFile; fileRef = 3F7AF8052911B413005955CB /* LaunchScreen.storyboard */; };
		3F7AF80F2911B767005955CB /* File.swift in Sources */ = {isa = PBXBuildFile; fileRef = 3F7AF80E2911B767005955CB /* File.swift */; };
/* End PBXBuildFile section */

/* Begin PBXFileReference section */
		3F7AF7F72911B410005955CB /* AppUmidade.app */ = {isa = PBXFileReference; explicitFileType = wrapper.application; includeInIndex = 0; path = AppUmidade.app; sourceTree = BUILT_PRODUCTS_DIR; };
		3F7AF7FA2911B410005955CB /* AppDelegate.swift */ = {isa = PBXFileReference; lastKnownFileType = sourcecode.swift; path = AppDelegate.swift; sourceTree = "<group>"; };
		3F7AF7FC2911B410005955CB /* SceneDelegate.swift */ = {isa = PBXFileReference; lastKnownFileType = sourcecode.swift; path = SceneDelegate.swift; sourceTree = "<group>"; };
		3F7AF7FE2911B410005955CB /* ViewController.swift */ = {isa = PBXFileReference; lastKnownFileType = sourcecode.swift; path = ViewController.swift; sourceTree = "<group>"; };
		3F7AF8012911B410005955CB /* Base */ = {isa = PBXFileReference; lastKnownFileType = file.storyboard; name = Base; path = Base.lproj/Main.storyboard; sourceTree = "<group>"; };
		3F7AF8032911B413005955CB /* Assets.xcassets */ = {isa = PBXFileReference; lastKnownFileType = folder.assetcatalog; path = Assets.xcassets; sourceTree = "<group>"; };
		3F7AF8062911B413005955CB /* Base */ = {isa = PBXFileReference; lastKnownFileType = file.storyboard; name = Base; path = Base.lproj/LaunchScreen.storyboard; sourceTree = "<group>"; };
		3F7AF8082911B413005955CB /* Info.plist */ = {isa = PBXFileReference; lastKnownFileType = text.plist.xml; path = Info.plist; sourceTree = "<group>"; };
		3F7AF80E2911B767005955CB /* File.swift */ = {isa = PBXFileReference; lastKnownFileType = sourcecode.swift; path = File.swift; sourceTree = "<group>"; };
/* End PBXFileReference section */

/* Begin PBXFrameworksBuildPhase section */
		3F7AF7F42911B410005955CB /* Frameworks */ = {
			isa = PBXFrameworksBuildPhase;
			buildActionMask = 2147483647;
			files = (
			);
			runOnlyForDeploymentPostprocessing = 0;
		};
/* End PBXFrameworksBuildPhase section */

/* Begin PBXGroup section */
		3F7AF7EE2911B410005955CB = {
			isa = PBXGroup;
			children = (
				3F7AF7F92911B410005955CB /* AppUmidade */,
				3F7AF7F82911B410005955CB /* Products */,
			);
			sourceTree = "<group>";
		};
		3F7AF7F82911B410005955CB /* Products */ = {
			isa = PBXGroup;
			children = (
				3F7AF7F72911B410005955CB /* AppUmidade.app */,
			);
			name = Products;
			sourceTree = "<group>";
		};
		3F7AF7F92911B410005955CB /* AppUmidade */ = {
			isa = PBXGroup;
			children = (
				3F7AF7FA2911B410005955CB /* AppDelegate.swift */,
				3F7AF7FC2911B410005955CB /* SceneDelegate.swift */,
				3F7AF7FE2911B410005955CB /* ViewController.swift */,
				3F7AF8002911B410005955CB /* Main.storyboard */,
				3F7AF80E2911B767005955CB /* File.swift */,
				3F7AF8032911B413005955CB /* Assets.xcassets */,
				3F7AF8052911B413005955CB /* LaunchScreen.storyboard */,
				3F7AF8082911B413005955CB /* Info.plist */,
			);
			path = AppUmidade;
			sourceTree = "<group>";
		};
/* End PBXGroup section */

/* Begin PBXNativeTarget section */
		3F7AF7F62911B410005955CB /* AppUmidade */ = {
			isa = PBXNativeTarget;
			buildConfigurationList = 3F7AF80B2911B413005955CB /* Build configuration list for PBXNativeTarget "AppUmidade" */;
			buildPhases = (
				3F7AF7F32911B410005955CB /* Sources */,
				3F7AF7F42911B410005955CB /* Frameworks */,
				3F7AF7F52911B410005955CB /* Resources */,
			);
			buildRules = (
			);
			dependencies = (
			);
			name = AppUmidade;
			productName = AppUmidade;
			productReference = 3F7AF7F72911B410005955CB /* AppUmidade.app */;
			productType = "com.apple.product-type.application";
		};
/* End PBXNativeTarget section */

/* Begin PBXProject section */
		3F7AF7EF2911B410005955CB /* Project object */ = {
			isa = PBXProject;
			attributes = {
				LastSwiftUpdateCheck = 1130;
				LastUpgradeCheck = 1130;
				ORGANIZATIONNAME = Student;
				TargetAttributes = {
					3F7AF7F62911B410005955CB = {
						CreatedOnToolsVersion = 11.3;
					};
				};
			};
			buildConfigurationList = 3F7AF7F22911B410005955CB /* Build configuration list for PBXProject "AppUmidade" */;
			compatibilityVersion = "Xcode 9.3";
			developmentRegion = en;
			hasScannedForEncodings = 0;
			knownRegions = (
				en,
				Base,
			);
			mainGroup = 3F7AF7EE2911B410005955CB;
			productRefGroup = 3F7AF7F82911B410005955CB /* Products */;
			projectDirPath = "";
			projectRoot = "";
			targets = (
				3F7AF7F62911B410005955CB /* AppUmidade */,
			);
		};
/* End PBXProject section */

/* Begin PBXResourcesBuildPhase section */
		3F7AF7F52911B410005955CB /* Resources */ = {
			isa = PBXResourcesBuildPhase;
			buildActionMask = 2147483647;
			files = (
				3F7AF8072911B413005955CB /* LaunchScreen.storyboard in Resources */,
				3F7AF8042911B413005955CB /* Assets.xcassets in Resources */,
				3F7AF8022911B410005955CB /* Main.storyboard in Resources */,
			);
			runOnlyForDeploymentPostprocessing = 0;
		};
/* End PBXResourcesBuildPhase section */

/* Begin PBXSourcesBuildPhase section */
		3F7AF7F32911B410005955CB /* Sources */ = {
			isa = PBXSourcesBuildPhase;
			buildActionMask = 2147483647;
			files = (
				3F7AF7FF2911B410005955CB /* ViewController.swift in Sources */,
				3F7AF80F2911B767005955CB /* File.swift in Sources */,
				3F7AF7FB2911B410005955CB /* AppDelegate.swift in Sources */,
				3F7AF7FD2911B410005955CB /* SceneDelegate.swift in Sources */,
			);
			runOnlyForDeploymentPostprocessing = 0;
		};
/* End PBXSourcesBuildPhase section */

/* Begin PBXVariantGroup section */
		3F7AF8002911B410005955CB /* Main.storyboard */ = {
			isa = PBXVariantGroup;
			children = (
				3F7AF8012911B410005955CB /* Base */,
			);
			name = Main.storyboard;
			sourceTree = "<group>";
		};
		3F7AF8052911B413005955CB /* LaunchScreen.storyboard */ = {
			isa = PBXVariantGroup;
			children = (
				3F7AF8062911B413005955CB /* Base */,
			);
			name = LaunchScreen.storyboard;
			sourceTree = "<group>";
		};
/* End PBXVariantGroup section */

/* Begin XCBuildConfiguration section */
		3F7AF8092911B413005955CB /* Debug */ = {
			isa = XCBuildConfiguration;
			buildSettings = {
				ALWAYS_SEARCH_USER_PATHS = NO;
				CLANG_ANALYZER_NONNULL = YES;
				CLANG_ANALYZER_NUMBER_OBJECT_CONVERSION = YES_AGGRESSIVE;
				CLANG_CXX_LANGUAGE_STANDARD = "gnu++14";
				CLANG_CXX_LIBRARY = "libc++";
				CLANG_ENABLE_MODULES = YES;
				CLANG_ENABLE_OBJC_ARC = YES;
				CLANG_ENABLE_OBJC_WEAK = YES;
				CLANG_WARN_BLOCK_CAPTURE_AUTORELEASING = YES;
				CLANG_WARN_BOOL_CONVERSION = YES;
				CLANG_WARN_COMMA = YES;
				CLANG_WARN_CONSTANT_CONVERSION = YES;
				CLANG_WARN_DEPRECATED_OBJC_IMPLEMENTATIONS = YES;
				CLANG_WARN_DIRECT_OBJC_ISA_USAGE = YES_ERROR;
				CLANG_WARN_DOCUMENTATION_COMMENTS = YES;
				CLANG_WARN_EMPTY_BODY = YES;
				CLANG_WARN_ENUM_CONVERSION = YES;
				CLANG_WARN_INFINITE_RECURSION = YES;
				CLANG_WARN_INT_CONVERSION = YES;
				CLANG_WARN_NON_LITERAL_NULL_CONVERSION = YES;
				CLANG_WARN_OBJC_IMPLICIT_RETAIN_SELF = YES;
				CLANG_WARN_OBJC_LITERAL_CONVERSION = YES;
				CLANG_WARN_OBJC_ROOT_CLASS = YES_ERROR;
				CLANG_WARN_RANGE_LOOP_ANALYSIS = YES;
				CLANG_WARN_STRICT_PROTOTYPES = YES;
				CLANG_WARN_SUSPICIOUS_MOVE = YES;
				CLANG_WARN_UNGUARDED_AVAILABILITY = YES_AGGRESSIVE;
				CLANG_WARN_UNREACHABLE_CODE = YES;
				CLANG_WARN__DUPLICATE_METHOD_MATCH = YES;
				COPY_PHASE_STRIP = NO;
				DEBUG_INFORMATION_FORMAT = dwarf;
				ENABLE_STRICT_OBJC_MSGSEND = YES;
				ENABLE_TESTABILITY = YES;
				GCC_C_LANGUAGE_STANDARD = gnu11;
				GCC_DYNAMIC_NO_PIC = NO;
				GCC_NO_COMMON_BLOCKS = YES;
				GCC_OPTIMIZATION_LEVEL = 0;
				GCC_PREPROCESSOR_DEFINITIONS = (
					"DEBUG=1",
					"$(inherited)",
				);
				GCC_WARN_64_TO_32_BIT_CONVERSION = YES;
				GCC_WARN_ABOUT_RETURN_TYPE = YES_ERROR;
				GCC_WARN_UNDECLARED_SELECTOR = YES;
				GCC_WARN_UNINITIALIZED_AUTOS = YES_AGGRESSIVE;
				GCC_WARN_UNUSED_FUNCTION = YES;
				GCC_WARN_UNUSED_VARIABLE = YES;
				IPHONEOS_DEPLOYMENT_TARGET = 13.2;
				MTL_ENABLE_DEBUG_INFO = INCLUDE_SOURCE;
				MTL_FAST_MATH = YES;
				ONLY_ACTIVE_ARCH = YES;
				SDKROOT = iphoneos;
				SWIFT_ACTIVE_COMPILATION_CONDITIONS = DEBUG;
				SWIFT_OPTIMIZATION_LEVEL = "-Onone";
			};
			name = Debug;
		};
		3F7AF80A2911B413005955CB /* Release */ = {
			isa = XCBuildConfiguration;
			buildSettings = {
				ALWAYS_SEARCH_USER_PATHS = NO;
				CLANG_ANALYZER_NONNULL = YES;
				CLANG_ANALYZER_NUMBER_OBJECT_CONVERSION = YES_AGGRESSIVE;
				CLANG_CXX_LANGUAGE_STANDARD = "gnu++14";
				CLANG_CXX_LIBRARY = "libc++";
				CLANG_ENABLE_MODULES = YES;
				CLANG_ENABLE_OBJC_ARC = YES;
				CLANG_ENABLE_OBJC_WEAK = YES;
				CLANG_WARN_BLOCK_CAPTURE_AUTORELEASING = YES;
				CLANG_WARN_BOOL_CONVERSION = YES;
				CLANG_WARN_COMMA = YES;
				CLANG_WARN_CONSTANT_CONVERSION = YES;
				CLANG_WARN_DEPRECATED_OBJC_IMPLEMENTATIONS = YES;
				CLANG_WARN_DIRECT_OBJC_ISA_USAGE = YES_ERROR;
				CLANG_WARN_DOCUMENTATION_COMMENTS = YES;
				CLANG_WARN_EMPTY_BODY = YES;
				CLANG_WARN_ENUM_CONVERSION = YES;
				CLANG_WARN_INFINITE_RECURSION = YES;
				CLANG_WARN_INT_CONVERSION = YES;
				CLANG_WARN_NON_LITERAL_NULL_CONVERSION = YES;
				CLANG_WARN_OBJC_IMPLICIT_RETAIN_SELF = YES;
				CLANG_WARN_OBJC_LITERAL_CONVERSION = YES;
				CLANG_WARN_OBJC_ROOT_CLASS = YES_ERROR;
				CLANG_WARN_RANGE_LOOP_ANALYSIS = YES;
				CLANG_WARN_STRICT_PROTOTYPES = YES;
				CLANG_WARN_SUSPICIOUS_MOVE = YES;
				CLANG_WARN_UNGUARDED_AVAILABILITY = YES_AGGRESSIVE;
				CLANG_WARN_UNREACHABLE_CODE = YES;
				CLANG_WARN__DUPLICATE_METHOD_MATCH = YES;
				COPY_PHASE_STRIP = NO;
				DEBUG_INFORMATION_FORMAT = "dwarf-with-dsym";
				ENABLE_NS_ASSERTIONS = NO;
				ENABLE_STRICT_OBJC_MSGSEND = YES;
				GCC_C_LANGUAGE_STANDARD = gnu11;
				GCC_NO_COMMON_BLOCKS = YES;
				GCC_WARN_64_TO_32_BIT_CONVERSION = YES;
				GCC_WARN_ABOUT_RETURN_TYPE = YES_ERROR;
				GCC_WARN_UNDECLARED_SELECTOR = YES;
				GCC_WARN_UNINITIALIZED_AUTOS = YES_AGGRESSIVE;
				GCC_WARN_UNUSED_FUNCTION = YES;
				GCC_WARN_UNUSED_VARIABLE = YES;
				IPHONEOS_DEPLOYMENT_TARGET = 13.2;
				MTL_ENABLE_DEBUG_INFO = NO;
				MTL_FAST_MATH = YES;
				SDKROOT = iphoneos;
				SWIFT_COMPILATION_MODE = wholemodule;
				SWIFT_OPTIMIZATION_LEVEL = "-O";
				VALIDATE_PRODUCT = YES;
			};
			name = Release;
		};
		3F7AF80C2911B413005955CB /* Debug */ = {
			isa = XCBuildConfiguration;
			buildSettings = {
				ASSETCATALOG_COMPILER_APPICON_NAME = AppIcon;
				CODE_SIGN_STYLE = Automatic;
				INFOPLIST_FILE = AppUmidade/Info.plist;
				LD_RUNPATH_SEARCH_PATHS = (
					"$(inherited)",
					"@executable_path/Frameworks",
				);
				PRODUCT_BUNDLE_IDENTIFIER = teste.AppUmidade;
				PRODUCT_NAME = "$(TARGET_NAME)";
				SWIFT_VERSION = 5.0;
				TARGETED_DEVICE_FAMILY = "1,2";
			};
			name = Debug;
		};
		3F7AF80D2911B413005955CB /* Release */ = {
			isa = XCBuildConfiguration;
			buildSettings = {
				ASSETCATALOG_COMPILER_APPICON_NAME = AppIcon;
				CODE_SIGN_STYLE = Automatic;
				INFOPLIST_FILE = AppUmidade/Info.plist;
				LD_RUNPATH_SEARCH_PATHS = (
					"$(inherited)",
					"@executable_path/Frameworks",
				);
				PRODUCT_BUNDLE_IDENTIFIER = teste.AppUmidade;
				PRODUCT_NAME = "$(TARGET_NAME)";
				SWIFT_VERSION = 5.0;
				TARGETED_DEVICE_FAMILY = "1,2";
			};
			name = Release;
		};
/* End XCBuildConfiguration section */

/* Begin XCConfigurationList section */
		3F7AF7F22911B410005955CB /* Build configuration list for PBXProject "AppUmidade" */ = {
			isa = XCConfigurationList;
			buildConfigurations = (
				3F7AF8092911B413005955CB /* Debug */,
				3F7AF80A2911B413005955CB /* Release */,
			);
			defaultConfigurationIsVisible = 0;
			defaultConfigurationName = Release;
		};
		3F7AF80B2911B413005955CB /* Build configuration list for PBXNativeTarget "AppUmidade" */ = {
			isa = XCConfigurationList;
			buildConfigurations = (
				3F7AF80C2911B413005955CB /* Debug */,
				3F7AF80D2911B413005955CB /* Release */,
			);
			defaultConfigurationIsVisible = 0;
			defaultConfigurationName = Release;
		};
/* End XCConfigurationList section */
	};
	rootObject = 3F7AF7EF2911B410005955CB /* Project object */;
}
